// !$*UTF8*$!
{
	archiveVersion = 1;
	classes = {
	};
	objectVersion = 56;
	objects = {

/* Begin PBXBuildFile section */
		56ECCA762B4AF86B00E963B2 /* AppDelegate.swift in Sources */ = {isa = PBXBuildFile; fileRef = 56ECCA752B4AF86B00E963B2 /* AppDelegate.swift */; };
		56ECCA782B4AF86B00E963B2 /* SceneDelegate.swift in Sources */ = {isa = PBXBuildFile; fileRef = 56ECCA772B4AF86B00E963B2 /* SceneDelegate.swift */; };
		56ECCA7A2B4AF86B00E963B2 /* RMTabBarController.swift in Sources */ = {isa = PBXBuildFile; fileRef = 56ECCA792B4AF86B00E963B2 /* RMTabBarController.swift */; };
		56ECCA7F2B4AF86D00E963B2 /* Assets.xcassets in Resources */ = {isa = PBXBuildFile; fileRef = 56ECCA7E2B4AF86D00E963B2 /* Assets.xcassets */; };
		56ECCA822B4AF86D00E963B2 /* LaunchScreen.storyboard in Resources */ = {isa = PBXBuildFile; fileRef = 56ECCA802B4AF86D00E963B2 /* LaunchScreen.storyboard */; };
		56ECCA912B4AFCAE00E963B2 /* RMLocation.swift in Sources */ = {isa = PBXBuildFile; fileRef = 56ECCA902B4AFCAE00E963B2 /* RMLocation.swift */; };
		56ECCA932B4AFCC000E963B2 /* RMCharacter.swift in Sources */ = {isa = PBXBuildFile; fileRef = 56ECCA922B4AFCC000E963B2 /* RMCharacter.swift */; };
		56ECCA952B4AFCE500E963B2 /* RMEpisode.swift in Sources */ = {isa = PBXBuildFile; fileRef = 56ECCA942B4AFCE500E963B2 /* RMEpisode.swift */; };
		56ECCA982B4B122000E963B2 /* RMCharacterViewController.swift in Sources */ = {isa = PBXBuildFile; fileRef = 56ECCA972B4B122000E963B2 /* RMCharacterViewController.swift */; };
		56ECCA9A2B4B123100E963B2 /* RMLocationViewController.swift in Sources */ = {isa = PBXBuildFile; fileRef = 56ECCA992B4B123100E963B2 /* RMLocationViewController.swift */; };
		56ECCA9C2B4B124500E963B2 /* RMEpisodeViewController.swift in Sources */ = {isa = PBXBuildFile; fileRef = 56ECCA9B2B4B124500E963B2 /* RMEpisodeViewController.swift */; };
		56ECCA9E2B4B125E00E963B2 /* RMSettingsViewController.swift in Sources */ = {isa = PBXBuildFile; fileRef = 56ECCA9D2B4B125E00E963B2 /* RMSettingsViewController.swift */; };
		56ECCAA02B4B416B00E963B2 /* RMService.swift in Sources */ = {isa = PBXBuildFile; fileRef = 56ECCA9F2B4B416B00E963B2 /* RMService.swift */; };
		56ECCAA22B4B418600E963B2 /* RMRequest.swift in Sources */ = {isa = PBXBuildFile; fileRef = 56ECCAA12B4B418600E963B2 /* RMRequest.swift */; };
		56ECCAA42B4B429300E963B2 /* RMEndpoint.swift in Sources */ = {isa = PBXBuildFile; fileRef = 56ECCAA32B4B429300E963B2 /* RMEndpoint.swift */; };
		56ECCAAD2B4C322700E963B2 /* RMOrigin.swift in Sources */ = {isa = PBXBuildFile; fileRef = 56ECCAAC2B4C322700E963B2 /* RMOrigin.swift */; };
		56ECCAAF2B4C332200E963B2 /* RMSingleLocation.swift in Sources */ = {isa = PBXBuildFile; fileRef = 56ECCAAE2B4C332200E963B2 /* RMSingleLocation.swift */; };
		56ECCAB12B4C34BC00E963B2 /* RMCharacterStatus.swift in Sources */ = {isa = PBXBuildFile; fileRef = 56ECCAB02B4C34BC00E963B2 /* RMCharacterStatus.swift */; };
		56ECCAB32B4C353A00E963B2 /* RMCharacterGender.swift in Sources */ = {isa = PBXBuildFile; fileRef = 56ECCAB22B4C353A00E963B2 /* RMCharacterGender.swift */; };
		56ECCAB72B4DC98800E963B2 /* RMGetAllCharacterResponse.swift in Sources */ = {isa = PBXBuildFile; fileRef = 56ECCAB62B4DC98800E963B2 /* RMGetAllCharacterResponse.swift */; };
		56ECCAB92B4DD1FF00E963B2 /* RMCharacterListViewViewModel.swift in Sources */ = {isa = PBXBuildFile; fileRef = 56ECCAB82B4DD1FF00E963B2 /* RMCharacterListViewViewModel.swift */; };
		56ECCABB2B4DD2A200E963B2 /* RMCharacterListView.swift in Sources */ = {isa = PBXBuildFile; fileRef = 56ECCABA2B4DD2A200E963B2 /* RMCharacterListView.swift */; };
		56ECCABD2B4DDEF300E963B2 /* Extensions.swift in Sources */ = {isa = PBXBuildFile; fileRef = 56ECCABC2B4DDEF300E963B2 /* Extensions.swift */; };
		56ECCABF2B4EFBB900E963B2 /* RMCharacterCollectionViewCell.swift in Sources */ = {isa = PBXBuildFile; fileRef = 56ECCABE2B4EFBB900E963B2 /* RMCharacterCollectionViewCell.swift */; };
		56ECCAC12B4F061C00E963B2 /* RMCharacterCollectionViewCellViewModel.swift in Sources */ = {isa = PBXBuildFile; fileRef = 56ECCAC02B4F061C00E963B2 /* RMCharacterCollectionViewCellViewModel.swift */; };
		56ECCAC42B51D09400E963B2 /* RMCharacterDetailViewController.swift in Sources */ = {isa = PBXBuildFile; fileRef = 56ECCAC32B51D09400E963B2 /* RMCharacterDetailViewController.swift */; };
		56ECCAC62B51D17D00E963B2 /* RMCharacterDetailView.swift in Sources */ = {isa = PBXBuildFile; fileRef = 56ECCAC52B51D17D00E963B2 /* RMCharacterDetailView.swift */; };
		56ECCAC82B51D19F00E963B2 /* RMCharacterDetailViewViewModel.swift in Sources */ = {isa = PBXBuildFile; fileRef = 56ECCAC72B51D19F00E963B2 /* RMCharacterDetailViewViewModel.swift */; };
		56ECCACA2B52BF1E00E963B2 /* RMFooterLoadingCollectionReusableView.swift in Sources */ = {isa = PBXBuildFile; fileRef = 56ECCAC92B52BF1E00E963B2 /* RMFooterLoadingCollectionReusableView.swift */; };
		56ECCACC2B5315AE00E963B2 /* RMImageLoader.swift in Sources */ = {isa = PBXBuildFile; fileRef = 56ECCACB2B5315AE00E963B2 /* RMImageLoader.swift */; };
/* End PBXBuildFile section */

/* Begin PBXFileReference section */
		56ECCA722B4AF86B00E963B2 /* RickAndMorty.app */ = {isa = PBXFileReference; explicitFileType = wrapper.application; includeInIndex = 0; path = RickAndMorty.app; sourceTree = BUILT_PRODUCTS_DIR; };
		56ECCA752B4AF86B00E963B2 /* AppDelegate.swift */ = {isa = PBXFileReference; lastKnownFileType = sourcecode.swift; path = AppDelegate.swift; sourceTree = "<group>"; };
		56ECCA772B4AF86B00E963B2 /* SceneDelegate.swift */ = {isa = PBXFileReference; lastKnownFileType = sourcecode.swift; path = SceneDelegate.swift; sourceTree = "<group>"; };
		56ECCA792B4AF86B00E963B2 /* RMTabBarController.swift */ = {isa = PBXFileReference; lastKnownFileType = sourcecode.swift; path = RMTabBarController.swift; sourceTree = "<group>"; };
		56ECCA7E2B4AF86D00E963B2 /* Assets.xcassets */ = {isa = PBXFileReference; lastKnownFileType = folder.assetcatalog; path = Assets.xcassets; sourceTree = "<group>"; };
		56ECCA812B4AF86D00E963B2 /* Base */ = {isa = PBXFileReference; lastKnownFileType = file.storyboard; name = Base; path = Base.lproj/LaunchScreen.storyboard; sourceTree = "<group>"; };
		56ECCA832B4AF86D00E963B2 /* Info.plist */ = {isa = PBXFileReference; lastKnownFileType = text.plist.xml; path = Info.plist; sourceTree = "<group>"; };
		56ECCA902B4AFCAE00E963B2 /* RMLocation.swift */ = {isa = PBXFileReference; lastKnownFileType = sourcecode.swift; path = RMLocation.swift; sourceTree = "<group>"; };
		56ECCA922B4AFCC000E963B2 /* RMCharacter.swift */ = {isa = PBXFileReference; lastKnownFileType = sourcecode.swift; path = RMCharacter.swift; sourceTree = "<group>"; };
		56ECCA942B4AFCE500E963B2 /* RMEpisode.swift */ = {isa = PBXFileReference; lastKnownFileType = sourcecode.swift; path = RMEpisode.swift; sourceTree = "<group>"; };
		56ECCA972B4B122000E963B2 /* RMCharacterViewController.swift */ = {isa = PBXFileReference; lastKnownFileType = sourcecode.swift; path = RMCharacterViewController.swift; sourceTree = "<group>"; };
		56ECCA992B4B123100E963B2 /* RMLocationViewController.swift */ = {isa = PBXFileReference; lastKnownFileType = sourcecode.swift; path = RMLocationViewController.swift; sourceTree = "<group>"; };
		56ECCA9B2B4B124500E963B2 /* RMEpisodeViewController.swift */ = {isa = PBXFileReference; lastKnownFileType = sourcecode.swift; path = RMEpisodeViewController.swift; sourceTree = "<group>"; };
		56ECCA9D2B4B125E00E963B2 /* RMSettingsViewController.swift */ = {isa = PBXFileReference; lastKnownFileType = sourcecode.swift; path = RMSettingsViewController.swift; sourceTree = "<group>"; };
		56ECCA9F2B4B416B00E963B2 /* RMService.swift */ = {isa = PBXFileReference; lastKnownFileType = sourcecode.swift; path = RMService.swift; sourceTree = "<group>"; };
		56ECCAA12B4B418600E963B2 /* RMRequest.swift */ = {isa = PBXFileReference; lastKnownFileType = sourcecode.swift; path = RMRequest.swift; sourceTree = "<group>"; };
		56ECCAA32B4B429300E963B2 /* RMEndpoint.swift */ = {isa = PBXFileReference; lastKnownFileType = sourcecode.swift; path = RMEndpoint.swift; sourceTree = "<group>"; };
		56ECCAAC2B4C322700E963B2 /* RMOrigin.swift */ = {isa = PBXFileReference; lastKnownFileType = sourcecode.swift; path = RMOrigin.swift; sourceTree = "<group>"; };
		56ECCAAE2B4C332200E963B2 /* RMSingleLocation.swift */ = {isa = PBXFileReference; lastKnownFileType = sourcecode.swift; path = RMSingleLocation.swift; sourceTree = "<group>"; };
		56ECCAB02B4C34BC00E963B2 /* RMCharacterStatus.swift */ = {isa = PBXFileReference; lastKnownFileType = sourcecode.swift; path = RMCharacterStatus.swift; sourceTree = "<group>"; };
		56ECCAB22B4C353A00E963B2 /* RMCharacterGender.swift */ = {isa = PBXFileReference; lastKnownFileType = sourcecode.swift; path = RMCharacterGender.swift; sourceTree = "<group>"; };
		56ECCAB62B4DC98800E963B2 /* RMGetAllCharacterResponse.swift */ = {isa = PBXFileReference; lastKnownFileType = sourcecode.swift; path = RMGetAllCharacterResponse.swift; sourceTree = "<group>"; };
		56ECCAB82B4DD1FF00E963B2 /* RMCharacterListViewViewModel.swift */ = {isa = PBXFileReference; lastKnownFileType = sourcecode.swift; path = RMCharacterListViewViewModel.swift; sourceTree = "<group>"; };
		56ECCABA2B4DD2A200E963B2 /* RMCharacterListView.swift */ = {isa = PBXFileReference; lastKnownFileType = sourcecode.swift; path = RMCharacterListView.swift; sourceTree = "<group>"; };
		56ECCABC2B4DDEF300E963B2 /* Extensions.swift */ = {isa = PBXFileReference; lastKnownFileType = sourcecode.swift; path = Extensions.swift; sourceTree = "<group>"; };
		56ECCABE2B4EFBB900E963B2 /* RMCharacterCollectionViewCell.swift */ = {isa = PBXFileReference; lastKnownFileType = sourcecode.swift; path = RMCharacterCollectionViewCell.swift; sourceTree = "<group>"; };
		56ECCAC02B4F061C00E963B2 /* RMCharacterCollectionViewCellViewModel.swift */ = {isa = PBXFileReference; lastKnownFileType = sourcecode.swift; path = RMCharacterCollectionViewCellViewModel.swift; sourceTree = "<group>"; };
		56ECCAC32B51D09400E963B2 /* RMCharacterDetailViewController.swift */ = {isa = PBXFileReference; lastKnownFileType = sourcecode.swift; path = RMCharacterDetailViewController.swift; sourceTree = "<group>"; };
		56ECCAC52B51D17D00E963B2 /* RMCharacterDetailView.swift */ = {isa = PBXFileReference; lastKnownFileType = sourcecode.swift; path = RMCharacterDetailView.swift; sourceTree = "<group>"; };
		56ECCAC72B51D19F00E963B2 /* RMCharacterDetailViewViewModel.swift */ = {isa = PBXFileReference; lastKnownFileType = sourcecode.swift; path = RMCharacterDetailViewViewModel.swift; sourceTree = "<group>"; };
		56ECCAC92B52BF1E00E963B2 /* RMFooterLoadingCollectionReusableView.swift */ = {isa = PBXFileReference; lastKnownFileType = sourcecode.swift; path = RMFooterLoadingCollectionReusableView.swift; sourceTree = "<group>"; };
		56ECCACB2B5315AE00E963B2 /* RMImageLoader.swift */ = {isa = PBXFileReference; lastKnownFileType = sourcecode.swift; path = RMImageLoader.swift; sourceTree = "<group>"; };
/* End PBXFileReference section */

/* Begin PBXFrameworksBuildPhase section */
		56ECCA6F2B4AF86B00E963B2 /* Frameworks */ = {
			isa = PBXFrameworksBuildPhase;
			buildActionMask = 2147483647;
			files = (
			);
			runOnlyForDeploymentPostprocessing = 0;
		};
/* End PBXFrameworksBuildPhase section */

/* Begin PBXGroup section */
		56ECCA692B4AF86B00E963B2 = {
			isa = PBXGroup;
			children = (
				56ECCA742B4AF86B00E963B2 /* RickAndMorty */,
				56ECCA732B4AF86B00E963B2 /* Products */,
			);
			sourceTree = "<group>";
		};
		56ECCA732B4AF86B00E963B2 /* Products */ = {
			isa = PBXGroup;
			children = (
				56ECCA722B4AF86B00E963B2 /* RickAndMorty.app */,
			);
			name = Products;
			sourceTree = "<group>";
		};
		56ECCA742B4AF86B00E963B2 /* RickAndMorty */ = {
			isa = PBXGroup;
			children = (
				56ECCA8F2B4AFC1200E963B2 /* Resources */,
				56ECCA8E2B4AFC0D00E963B2 /* Managers */,
				56ECCA8D2B4AFBF700E963B2 /* APIClient */,
				56ECCA8C2B4AFBEB00E963B2 /* ViewModels */,
				56ECCA8B2B4AFBDF00E963B2 /* Views */,
				56ECCA8A2B4AFBD400E963B2 /* Models */,
				56ECCA892B4AFBCD00E963B2 /* Controllers */,
				56ECCA832B4AF86D00E963B2 /* Info.plist */,
			);
			path = RickAndMorty;
			sourceTree = "<group>";
		};
		56ECCA892B4AFBCD00E963B2 /* Controllers */ = {
			isa = PBXGroup;
			children = (
				56ECCAC22B51D06B00E963B2 /* Other */,
				56ECCA962B4B110100E963B2 /* Core */,
			);
			path = Controllers;
			sourceTree = "<group>";
		};
		56ECCA8A2B4AFBD400E963B2 /* Models */ = {
			isa = PBXGroup;
			children = (
				56ECCAB52B4DC93A00E963B2 /* APIResponseTypes */,
				56ECCAB42B4DC91800E963B2 /* DataTypes */,
			);
			path = Models;
			sourceTree = "<group>";
		};
		56ECCA8B2B4AFBDF00E963B2 /* Views */ = {
			isa = PBXGroup;
			children = (
				56ECCABA2B4DD2A200E963B2 /* RMCharacterListView.swift */,
				56ECCABE2B4EFBB900E963B2 /* RMCharacterCollectionViewCell.swift */,
				56ECCAC52B51D17D00E963B2 /* RMCharacterDetailView.swift */,
				56ECCAC92B52BF1E00E963B2 /* RMFooterLoadingCollectionReusableView.swift */,
			);
			path = Views;
			sourceTree = "<group>";
		};
		56ECCA8C2B4AFBEB00E963B2 /* ViewModels */ = {
			isa = PBXGroup;
			children = (
				56ECCAB82B4DD1FF00E963B2 /* RMCharacterListViewViewModel.swift */,
				56ECCAC02B4F061C00E963B2 /* RMCharacterCollectionViewCellViewModel.swift */,
				56ECCAC72B51D19F00E963B2 /* RMCharacterDetailViewViewModel.swift */,
			);
			path = ViewModels;
			sourceTree = "<group>";
		};
		56ECCA8D2B4AFBF700E963B2 /* APIClient */ = {
			isa = PBXGroup;
			children = (
				56ECCA9F2B4B416B00E963B2 /* RMService.swift */,
				56ECCAA12B4B418600E963B2 /* RMRequest.swift */,
				56ECCAA32B4B429300E963B2 /* RMEndpoint.swift */,
			);
			path = APIClient;
			sourceTree = "<group>";
		};
		56ECCA8E2B4AFC0D00E963B2 /* Managers */ = {
			isa = PBXGroup;
			children = (
				56ECCACB2B5315AE00E963B2 /* RMImageLoader.swift */,
			);
			path = Managers;
			sourceTree = "<group>";
		};
		56ECCA8F2B4AFC1200E963B2 /* Resources */ = {
			isa = PBXGroup;
			children = (
				56ECCA752B4AF86B00E963B2 /* AppDelegate.swift */,
				56ECCA772B4AF86B00E963B2 /* SceneDelegate.swift */,
				56ECCA7E2B4AF86D00E963B2 /* Assets.xcassets */,
				56ECCA802B4AF86D00E963B2 /* LaunchScreen.storyboard */,
				56ECCABC2B4DDEF300E963B2 /* Extensions.swift */,
			);
			path = Resources;
			sourceTree = "<group>";
		};
		56ECCA962B4B110100E963B2 /* Core */ = {
			isa = PBXGroup;
			children = (
				56ECCA792B4AF86B00E963B2 /* RMTabBarController.swift */,
				56ECCA972B4B122000E963B2 /* RMCharacterViewController.swift */,
				56ECCA992B4B123100E963B2 /* RMLocationViewController.swift */,
				56ECCA9B2B4B124500E963B2 /* RMEpisodeViewController.swift */,
				56ECCA9D2B4B125E00E963B2 /* RMSettingsViewController.swift */,
			);
			path = Core;
			sourceTree = "<group>";
		};
		56ECCAB42B4DC91800E963B2 /* DataTypes */ = {
			isa = PBXGroup;
			children = (
				56ECCA902B4AFCAE00E963B2 /* RMLocation.swift */,
				56ECCA922B4AFCC000E963B2 /* RMCharacter.swift */,
				56ECCA942B4AFCE500E963B2 /* RMEpisode.swift */,
				56ECCAAC2B4C322700E963B2 /* RMOrigin.swift */,
				56ECCAAE2B4C332200E963B2 /* RMSingleLocation.swift */,
				56ECCAB02B4C34BC00E963B2 /* RMCharacterStatus.swift */,
				56ECCAB22B4C353A00E963B2 /* RMCharacterGender.swift */,
			);
			path = DataTypes;
			sourceTree = "<group>";
		};
		56ECCAB52B4DC93A00E963B2 /* APIResponseTypes */ = {
			isa = PBXGroup;
			children = (
				56ECCAB62B4DC98800E963B2 /* RMGetAllCharacterResponse.swift */,
			);
			path = APIResponseTypes;
			sourceTree = "<group>";
		};
		56ECCAC22B51D06B00E963B2 /* Other */ = {
			isa = PBXGroup;
			children = (
				56ECCAC32B51D09400E963B2 /* RMCharacterDetailViewController.swift */,
			);
			path = Other;
			sourceTree = "<group>";
		};
/* End PBXGroup section */

/* Begin PBXNativeTarget section */
		56ECCA712B4AF86B00E963B2 /* RickAndMorty */ = {
			isa = PBXNativeTarget;
			buildConfigurationList = 56ECCA862B4AF86D00E963B2 /* Build configuration list for PBXNativeTarget "RickAndMorty" */;
			buildPhases = (
				56ECCA6E2B4AF86B00E963B2 /* Sources */,
				56ECCA6F2B4AF86B00E963B2 /* Frameworks */,
				56ECCA702B4AF86B00E963B2 /* Resources */,
			);
			buildRules = (
			);
			dependencies = (
			);
			name = RickAndMorty;
			productName = RickAndMorty;
			productReference = 56ECCA722B4AF86B00E963B2 /* RickAndMorty.app */;
			productType = "com.apple.product-type.application";
		};
/* End PBXNativeTarget section */

/* Begin PBXProject section */
		56ECCA6A2B4AF86B00E963B2 /* Project object */ = {
			isa = PBXProject;
			attributes = {
				BuildIndependentTargetsInParallel = 1;
				LastSwiftUpdateCheck = 1510;
				LastUpgradeCheck = 1510;
				TargetAttributes = {
					56ECCA712B4AF86B00E963B2 = {
						CreatedOnToolsVersion = 15.1;
					};
				};
			};
			buildConfigurationList = 56ECCA6D2B4AF86B00E963B2 /* Build configuration list for PBXProject "RickAndMorty" */;
			compatibilityVersion = "Xcode 14.0";
			developmentRegion = en;
			hasScannedForEncodings = 0;
			knownRegions = (
				en,
				Base,
			);
			mainGroup = 56ECCA692B4AF86B00E963B2;
			productRefGroup = 56ECCA732B4AF86B00E963B2 /* Products */;
			projectDirPath = "";
			projectRoot = "";
			targets = (
				56ECCA712B4AF86B00E963B2 /* RickAndMorty */,
			);
		};
/* End PBXProject section */

/* Begin PBXResourcesBuildPhase section */
		56ECCA702B4AF86B00E963B2 /* Resources */ = {
			isa = PBXResourcesBuildPhase;
			buildActionMask = 2147483647;
			files = (
				56ECCA822B4AF86D00E963B2 /* LaunchScreen.storyboard in Resources */,
				56ECCA7F2B4AF86D00E963B2 /* Assets.xcassets in Resources */,
			);
			runOnlyForDeploymentPostprocessing = 0;
		};
/* End PBXResourcesBuildPhase section */

/* Begin PBXSourcesBuildPhase section */
		56ECCA6E2B4AF86B00E963B2 /* Sources */ = {
			isa = PBXSourcesBuildPhase;
			buildActionMask = 2147483647;
			files = (
				56ECCAAD2B4C322700E963B2 /* RMOrigin.swift in Sources */,
				56ECCAC82B51D19F00E963B2 /* RMCharacterDetailViewViewModel.swift in Sources */,
				56ECCAAF2B4C332200E963B2 /* RMSingleLocation.swift in Sources */,
				56ECCABB2B4DD2A200E963B2 /* RMCharacterListView.swift in Sources */,
				56ECCAB12B4C34BC00E963B2 /* RMCharacterStatus.swift in Sources */,
				56ECCAB32B4C353A00E963B2 /* RMCharacterGender.swift in Sources */,
				56ECCA9A2B4B123100E963B2 /* RMLocationViewController.swift in Sources */,
				56ECCAC42B51D09400E963B2 /* RMCharacterDetailViewController.swift in Sources */,
				56ECCACA2B52BF1E00E963B2 /* RMFooterLoadingCollectionReusableView.swift in Sources */,
				56ECCA952B4AFCE500E963B2 /* RMEpisode.swift in Sources */,
				56ECCA7A2B4AF86B00E963B2 /* RMTabBarController.swift in Sources */,
				56ECCA9C2B4B124500E963B2 /* RMEpisodeViewController.swift in Sources */,
				56ECCABF2B4EFBB900E963B2 /* RMCharacterCollectionViewCell.swift in Sources */,
				56ECCA762B4AF86B00E963B2 /* AppDelegate.swift in Sources */,
				56ECCACC2B5315AE00E963B2 /* RMImageLoader.swift in Sources */,
				56ECCA782B4AF86B00E963B2 /* SceneDelegate.swift in Sources */,
				56ECCA9E2B4B125E00E963B2 /* RMSettingsViewController.swift in Sources */,
				56ECCAA02B4B416B00E963B2 /* RMService.swift in Sources */,
				56ECCABD2B4DDEF300E963B2 /* Extensions.swift in Sources */,
				56ECCA912B4AFCAE00E963B2 /* RMLocation.swift in Sources */,
				56ECCAA42B4B429300E963B2 /* RMEndpoint.swift in Sources */,
				56ECCA932B4AFCC000E963B2 /* RMCharacter.swift in Sources */,
				56ECCAA22B4B418600E963B2 /* RMRequest.swift in Sources */,
				56ECCAC12B4F061C00E963B2 /* RMCharacterCollectionViewCellViewModel.swift in Sources */,
				56ECCAB72B4DC98800E963B2 /* RMGetAllCharacterResponse.swift in Sources */,
				56ECCA982B4B122000E963B2 /* RMCharacterViewController.swift in Sources */,
				56ECCAB92B4DD1FF00E963B2 /* RMCharacterListViewViewModel.swift in Sources */,
				56ECCAC62B51D17D00E963B2 /* RMCharacterDetailView.swift in Sources */,
			);
			runOnlyForDeploymentPostprocessing = 0;
		};
/* End PBXSourcesBuildPhase section */

/* Begin PBXVariantGroup section */
		56ECCA802B4AF86D00E963B2 /* LaunchScreen.storyboard */ = {
			isa = PBXVariantGroup;
			children = (
				56ECCA812B4AF86D00E963B2 /* Base */,
			);
			name = LaunchScreen.storyboard;
			sourceTree = "<group>";
		};
/* End PBXVariantGroup section */

/* Begin XCBuildConfiguration section */
		56ECCA842B4AF86D00E963B2 /* Debug */ = {
			isa = XCBuildConfiguration;
			buildSettings = {
				ALWAYS_SEARCH_USER_PATHS = NO;
				ASSETCATALOG_COMPILER_GENERATE_SWIFT_ASSET_SYMBOL_EXTENSIONS = YES;
				CLANG_ANALYZER_NONNULL = YES;
				CLANG_ANALYZER_NUMBER_OBJECT_CONVERSION = YES_AGGRESSIVE;
				CLANG_CXX_LANGUAGE_STANDARD = "gnu++20";
				CLANG_ENABLE_MODULES = YES;
				CLANG_ENABLE_OBJC_ARC = YES;
				CLANG_ENABLE_OBJC_WEAK = YES;
				CLANG_WARN_BLOCK_CAPTURE_AUTORELEASING = YES;
				CLANG_WARN_BOOL_CONVERSION = YES;
				CLANG_WARN_COMMA = YES;
				CLANG_WARN_CONSTANT_CONVERSION = YES;
				CLANG_WARN_DEPRECATED_OBJC_IMPLEMENTATIONS = YES;
				CLANG_WARN_DIRECT_OBJC_ISA_USAGE = YES_ERROR;
				CLANG_WARN_DOCUMENTATION_COMMENTS = YES;
				CLANG_WARN_EMPTY_BODY = YES;
				CLANG_WARN_ENUM_CONVERSION = YES;
				CLANG_WARN_INFINITE_RECURSION = YES;
				CLANG_WARN_INT_CONVERSION = YES;
				CLANG_WARN_NON_LITERAL_NULL_CONVERSION = YES;
				CLANG_WARN_OBJC_IMPLICIT_RETAIN_SELF = YES;
				CLANG_WARN_OBJC_LITERAL_CONVERSION = YES;
				CLANG_WARN_OBJC_ROOT_CLASS = YES_ERROR;
				CLANG_WARN_QUOTED_INCLUDE_IN_FRAMEWORK_HEADER = YES;
				CLANG_WARN_RANGE_LOOP_ANALYSIS = YES;
				CLANG_WARN_STRICT_PROTOTYPES = YES;
				CLANG_WARN_SUSPICIOUS_MOVE = YES;
				CLANG_WARN_UNGUARDED_AVAILABILITY = YES_AGGRESSIVE;
				CLANG_WARN_UNREACHABLE_CODE = YES;
				CLANG_WARN__DUPLICATE_METHOD_MATCH = YES;
				COPY_PHASE_STRIP = NO;
				DEBUG_INFORMATION_FORMAT = dwarf;
				ENABLE_STRICT_OBJC_MSGSEND = YES;
				ENABLE_TESTABILITY = YES;
				ENABLE_USER_SCRIPT_SANDBOXING = YES;
				GCC_C_LANGUAGE_STANDARD = gnu17;
				GCC_DYNAMIC_NO_PIC = NO;
				GCC_NO_COMMON_BLOCKS = YES;
				GCC_OPTIMIZATION_LEVEL = 0;
				GCC_PREPROCESSOR_DEFINITIONS = (
					"DEBUG=1",
					"$(inherited)",
				);
				GCC_WARN_64_TO_32_BIT_CONVERSION = YES;
				GCC_WARN_ABOUT_RETURN_TYPE = YES_ERROR;
				GCC_WARN_UNDECLARED_SELECTOR = YES;
				GCC_WARN_UNINITIALIZED_AUTOS = YES_AGGRESSIVE;
				GCC_WARN_UNUSED_FUNCTION = YES;
				GCC_WARN_UNUSED_VARIABLE = YES;
				IPHONEOS_DEPLOYMENT_TARGET = 17.2;
				LOCALIZATION_PREFERS_STRING_CATALOGS = YES;
				MTL_ENABLE_DEBUG_INFO = INCLUDE_SOURCE;
				MTL_FAST_MATH = YES;
				ONLY_ACTIVE_ARCH = YES;
				SDKROOT = iphoneos;
				SWIFT_ACTIVE_COMPILATION_CONDITIONS = "DEBUG $(inherited)";
				SWIFT_OPTIMIZATION_LEVEL = "-Onone";
			};
			name = Debug;
		};
		56ECCA852B4AF86D00E963B2 /* Release */ = {
			isa = XCBuildConfiguration;
			buildSettings = {
				ALWAYS_SEARCH_USER_PATHS = NO;
				ASSETCATALOG_COMPILER_GENERATE_SWIFT_ASSET_SYMBOL_EXTENSIONS = YES;
				CLANG_ANALYZER_NONNULL = YES;
				CLANG_ANALYZER_NUMBER_OBJECT_CONVERSION = YES_AGGRESSIVE;
				CLANG_CXX_LANGUAGE_STANDARD = "gnu++20";
				CLANG_ENABLE_MODULES = YES;
				CLANG_ENABLE_OBJC_ARC = YES;
				CLANG_ENABLE_OBJC_WEAK = YES;
				CLANG_WARN_BLOCK_CAPTURE_AUTORELEASING = YES;
				CLANG_WARN_BOOL_CONVERSION = YES;
				CLANG_WARN_COMMA = YES;
				CLANG_WARN_CONSTANT_CONVERSION = YES;
				CLANG_WARN_DEPRECATED_OBJC_IMPLEMENTATIONS = YES;
				CLANG_WARN_DIRECT_OBJC_ISA_USAGE = YES_ERROR;
				CLANG_WARN_DOCUMENTATION_COMMENTS = YES;
				CLANG_WARN_EMPTY_BODY = YES;
				CLANG_WARN_ENUM_CONVERSION = YES;
				CLANG_WARN_INFINITE_RECURSION = YES;
				CLANG_WARN_INT_CONVERSION = YES;
				CLANG_WARN_NON_LITERAL_NULL_CONVERSION = YES;
				CLANG_WARN_OBJC_IMPLICIT_RETAIN_SELF = YES;
				CLANG_WARN_OBJC_LITERAL_CONVERSION = YES;
				CLANG_WARN_OBJC_ROOT_CLASS = YES_ERROR;
				CLANG_WARN_QUOTED_INCLUDE_IN_FRAMEWORK_HEADER = YES;
				CLANG_WARN_RANGE_LOOP_ANALYSIS = YES;
				CLANG_WARN_STRICT_PROTOTYPES = YES;
				CLANG_WARN_SUSPICIOUS_MOVE = YES;
				CLANG_WARN_UNGUARDED_AVAILABILITY = YES_AGGRESSIVE;
				CLANG_WARN_UNREACHABLE_CODE = YES;
				CLANG_WARN__DUPLICATE_METHOD_MATCH = YES;
				COPY_PHASE_STRIP = NO;
				DEBUG_INFORMATION_FORMAT = "dwarf-with-dsym";
				ENABLE_NS_ASSERTIONS = NO;
				ENABLE_STRICT_OBJC_MSGSEND = YES;
				ENABLE_USER_SCRIPT_SANDBOXING = YES;
				GCC_C_LANGUAGE_STANDARD = gnu17;
				GCC_NO_COMMON_BLOCKS = YES;
				GCC_WARN_64_TO_32_BIT_CONVERSION = YES;
				GCC_WARN_ABOUT_RETURN_TYPE = YES_ERROR;
				GCC_WARN_UNDECLARED_SELECTOR = YES;
				GCC_WARN_UNINITIALIZED_AUTOS = YES_AGGRESSIVE;
				GCC_WARN_UNUSED_FUNCTION = YES;
				GCC_WARN_UNUSED_VARIABLE = YES;
				IPHONEOS_DEPLOYMENT_TARGET = 17.2;
				LOCALIZATION_PREFERS_STRING_CATALOGS = YES;
				MTL_ENABLE_DEBUG_INFO = NO;
				MTL_FAST_MATH = YES;
				SDKROOT = iphoneos;
				SWIFT_COMPILATION_MODE = wholemodule;
				VALIDATE_PRODUCT = YES;
			};
			name = Release;
		};
		56ECCA872B4AF86D00E963B2 /* Debug */ = {
			isa = XCBuildConfiguration;
			buildSettings = {
				ASSETCATALOG_COMPILER_APPICON_NAME = AppIcon;
				ASSETCATALOG_COMPILER_GLOBAL_ACCENT_COLOR_NAME = AccentColor;
				CODE_SIGN_STYLE = Automatic;
				CURRENT_PROJECT_VERSION = 1;
				DEVELOPMENT_TEAM = 7C94QN45FD;
				GENERATE_INFOPLIST_FILE = YES;
				INFOPLIST_FILE = RickAndMorty/Info.plist;
				INFOPLIST_KEY_UIApplicationSupportsIndirectInputEvents = YES;
				INFOPLIST_KEY_UILaunchStoryboardName = LaunchScreen;
				INFOPLIST_KEY_UISupportedInterfaceOrientations_iPad = "UIInterfaceOrientationPortrait UIInterfaceOrientationPortraitUpsideDown UIInterfaceOrientationLandscapeLeft UIInterfaceOrientationLandscapeRight";
				INFOPLIST_KEY_UISupportedInterfaceOrientations_iPhone = "UIInterfaceOrientationPortrait UIInterfaceOrientationLandscapeLeft UIInterfaceOrientationLandscapeRight";
				LD_RUNPATH_SEARCH_PATHS = (
					"$(inherited)",
					"@executable_path/Frameworks",
				);
				MARKETING_VERSION = 1.0;
				PRODUCT_BUNDLE_IDENTIFIER = com.DwozStudio.RickAndMorty;
				PRODUCT_NAME = "$(TARGET_NAME)";
				SWIFT_EMIT_LOC_STRINGS = YES;
				SWIFT_VERSION = 5.0;
				TARGETED_DEVICE_FAMILY = "1,2";
			};
			name = Debug;
		};
		56ECCA882B4AF86D00E963B2 /* Release */ = {
			isa = XCBuildConfiguration;
			buildSettings = {
				ASSETCATALOG_COMPILER_APPICON_NAME = AppIcon;
				ASSETCATALOG_COMPILER_GLOBAL_ACCENT_COLOR_NAME = AccentColor;
				CODE_SIGN_STYLE = Automatic;
				CURRENT_PROJECT_VERSION = 1;
				DEVELOPMENT_TEAM = 7C94QN45FD;
				GENERATE_INFOPLIST_FILE = YES;
				INFOPLIST_FILE = RickAndMorty/Info.plist;
				INFOPLIST_KEY_UIApplicationSupportsIndirectInputEvents = YES;
				INFOPLIST_KEY_UILaunchStoryboardName = LaunchScreen;
				INFOPLIST_KEY_UISupportedInterfaceOrientations_iPad = "UIInterfaceOrientationPortrait UIInterfaceOrientationPortraitUpsideDown UIInterfaceOrientationLandscapeLeft UIInterfaceOrientationLandscapeRight";
				INFOPLIST_KEY_UISupportedInterfaceOrientations_iPhone = "UIInterfaceOrientationPortrait UIInterfaceOrientationLandscapeLeft UIInterfaceOrientationLandscapeRight";
				LD_RUNPATH_SEARCH_PATHS = (
					"$(inherited)",
					"@executable_path/Frameworks",
				);
				MARKETING_VERSION = 1.0;
				PRODUCT_BUNDLE_IDENTIFIER = com.DwozStudio.RickAndMorty;
				PRODUCT_NAME = "$(TARGET_NAME)";
				SWIFT_EMIT_LOC_STRINGS = YES;
				SWIFT_VERSION = 5.0;
				TARGETED_DEVICE_FAMILY = "1,2";
			};
			name = Release;
		};
/* End XCBuildConfiguration section */

/* Begin XCConfigurationList section */
		56ECCA6D2B4AF86B00E963B2 /* Build configuration list for PBXProject "RickAndMorty" */ = {
			isa = XCConfigurationList;
			buildConfigurations = (
				56ECCA842B4AF86D00E963B2 /* Debug */,
				56ECCA852B4AF86D00E963B2 /* Release */,
			);
			defaultConfigurationIsVisible = 0;
			defaultConfigurationName = Release;
		};
		56ECCA862B4AF86D00E963B2 /* Build configuration list for PBXNativeTarget "RickAndMorty" */ = {
			isa = XCConfigurationList;
			buildConfigurations = (
				56ECCA872B4AF86D00E963B2 /* Debug */,
				56ECCA882B4AF86D00E963B2 /* Release */,
			);
			defaultConfigurationIsVisible = 0;
			defaultConfigurationName = Release;
		};
/* End XCConfigurationList section */
	};
	rootObject = 56ECCA6A2B4AF86B00E963B2 /* Project object */;
}
